
Microsoft Visual Studio Solution File, Format Version 12.00
Project("{FAE04EC0-301F-11D3-BF4B-00C04F79EFBC}") = "AvaloniaDistant", "AvaloniaDistant\AvaloniaDistant.csproj", "{B910A1F1-F25A-4099-A31B-736F3194C808}"
EndProject
Global
	GlobalSection(SolutionConfigurationPlatforms) = preSolution
		Debug|Any CPU = Debug|Any CPU
		Release|Any CPU = Release|Any CPU
	EndGlobalSection
	GlobalSection(ProjectConfigurationPlatforms) = postSolution
		{B910A1F1-F25A-4099-A31B-736F3194C808}.Debug|Any CPU.ActiveCfg = Debug|Any CPU
		{B910A1F1-F25A-4099-A31B-736F3194C808}.Debug|Any CPU.Build.0 = Debug|Any CPU
		{B910A1F1-F25A-4099-A31B-736F3194C808}.Release|Any CPU.ActiveCfg = Release|Any CPU
		{B910A1F1-F25A-4099-A31B-736F3194C808}.Release|Any CPU.Build.0 = Release|Any CPU
	EndGlobalSection
EndGlobal
